{
    "_readme": [
        "This file locks the dependencies of your project to a known state",
        "Read more about it at https://getcomposer.org/doc/01-basic-usage.md#installing-dependencies",
        "This file is @generated automatically"
    ],
    "content-hash": "c9d5d7eb1e3101de488b618c0d0e5da2",
    "packages": [
        {
            "name": "d4sign/d4sign-php",
            "version": "dev-master",
            "source": {
                "type": "git",
                "url": "https://github.com/d4sign/d4sign-php",
                "reference": "e225253e16361b3f254beec37d0e87c539fe24e3"
            },
            "require": {
                "php": ">=5.5.0"
            },
            "default-branch": true,
            "type": "package",
            "autoload": {
                "psr-4": {
                    "D4sign\\": "sdk/src/D4sign/"
                }
            },
            "keywords": [
                "api",
                "d4sign",
                "sdk"
            ],
            "time": "2021-10-05T15:45:59+00:00"
        },
        {
            "name": "telegram-bot/api",
            "version": "3.1.0.x-dev",
            "source": {
                "type": "git",
                "url": "https://github.com/TelegramBot/Api.git",
                "reference": "ef970c11fa35f46c842bdbb8a348cb42f00ed72d"
            },
            "dist": {
                "type": "zip",
                "url": "https://api.github.com/repos/TelegramBot/Api/zipball/ef970c11fa35f46c842bdbb8a348cb42f00ed72d",
                "reference": "ef970c11fa35f46c842bdbb8a348cb42f00ed72d",
                "shasum": ""
            },
            "require": {
                "ext-curl": "*",
                "ext-json": "*",
                "php": ">=7.4"
            },
            "require-dev": {
                "codeception/codeception": "*",
                "phpunit/phpunit": "^9.0",
                "squizlabs/php_codesniffer": "2.*"
            },
            "type": "library",
            "extra": {
                "branch-alias": {
                    "dev-master": "1.0-dev"
                }
            },
            "autoload": {
                "psr-4": {
                    "TelegramBot\\Api\\": "src"
                }
            },
            "notification-url": "https://packagist.org/downloads/",
            "license": [
                "MIT"
            ],
            "authors": [
                {
                    "name": "Ilya Gusev",
                    "email": "mail@igusev.ru",
                    "homepage": "https://php-cat.com",
                    "role": "Developer"
                }
            ],
            "description": "PHP Wrapper for Telegram Bot API",
            "homepage": "https://github.com/TelegramBot/Api",
            "keywords": [
                "bot",
                "bot api",
                "php",
                "telegram"
            ],
            "support": {
                "issues": "https://github.com/TelegramBot/Api/issues",
                "source": "https://github.com/TelegramBot/Api/tree/3.1.0"
            },
            "time": "2021-03-09T07:01:18+00:00"
        }
    ],
    "packages-dev": [],
    "aliases": [],
    "minimum-stability": "dev",
    "stability-flags": {
        "d4sign/d4sign-php": 20,
        "telegram-bot/api": 20
    },
    "prefer-stable": false,
    "prefer-lowest": false,
    "platform": [],
    "platform-dev": [],
    "plugin-api-version": "2.6.0"
}
